
Microsoft Visual Studio Solution File, Format Version 12.00
# Visual Studio Version 17
VisualStudioVersion = 17.11.35303.130
MinimumVisualStudioVersion = 10.0.40219.1
Project("{FAE04EC0-301F-11D3-BF4B-00C04F79EFBC}") = "BlazorAppWeb", "BlazorAppWeb\BlazorAppWeb.csproj", "{A39CBBF4-13C9-495B-B4C9-BE519A1083D6}"
EndProject
Global
	GlobalSection(SolutionConfigurationPlatforms) = preSolution
		Debug|Any CPU = Debug|Any CPU
		Release|Any CPU = Release|Any CPU
	EndGlobalSection
	GlobalSection(ProjectConfigurationPlatforms) = postSolution
		{A39CBBF4-13C9-495B-B4C9-BE519A1083D6}.Debug|Any CPU.ActiveCfg = Debug|Any CPU
		{A39CBBF4-13C9-495B-B4C9-BE519A1083D6}.Debug|Any CPU.Build.0 = Debug|Any CPU
		{A39CBBF4-13C9-495B-B4C9-BE519A1083D6}.Release|Any CPU.ActiveCfg = Release|Any CPU
		{A39CBBF4-13C9-495B-B4C9-BE519A1083D6}.Release|Any CPU.Build.0 = Release|Any CPU
	EndGlobalSection
	GlobalSection(SolutionProperties) = preSolution
		HideSolutionNode = FALSE
	EndGlobalSection
	GlobalSection(ExtensibilityGlobals) = postSolution
		SolutionGuid = {FBA877E6-E579-4882-83A1-F36BA90F9088}
	EndGlobalSection
EndGlobal
